// !$*UTF8*$!
{
	archiveVersion = 1;
	classes = {
	};
	objectVersion = 46;
	objects = {

/* Begin PBXBuildFile section */
		9B654CC315FF974100F7E2E3 /* UIKit.framework in Frameworks */ = {isa = PBXBuildFile; fileRef = 9B654CC215FF974100F7E2E3 /* UIKit.framework */; };
		9B654CC515FF974100F7E2E3 /* Foundation.framework in Frameworks */ = {isa = PBXBuildFile; fileRef = 9B654CC415FF974100F7E2E3 /* Foundation.framework */; };
		9B654CC715FF974100F7E2E3 /* CoreGraphics.framework in Frameworks */ = {isa = PBXBuildFile; fileRef = 9B654CC615FF974100F7E2E3 /* CoreGraphics.framework */; };
		9B654CCD15FF974100F7E2E3 /* InfoPlist.strings in Resources */ = {isa = PBXBuildFile; fileRef = 9B654CCB15FF974100F7E2E3 /* InfoPlist.strings */; };
		9B654CCF15FF974100F7E2E3 /* main.m in Sources */ = {isa = PBXBuildFile; fileRef = 9B654CCE15FF974100F7E2E3 /* main.m */; };
		9B654CD315FF974100F7E2E3 /* CBAppDelegate.m in Sources */ = {isa = PBXBuildFile; fileRef = 9B654CD215FF974100F7E2E3 /* CBAppDelegate.m */; };
		9B654CD615FF974100F7E2E3 /* CBViewController.m in Sources */ = {isa = PBXBuildFile; fileRef = 9B654CD515FF974100F7E2E3 /* CBViewController.m */; };
		9B654CD915FF974100F7E2E3 /* CBViewController.xib in Resources */ = {isa = PBXBuildFile; fileRef = 9B654CD715FF974100F7E2E3 /* CBViewController.xib */; };
		9BA58DD615FFB49600CF9F29 /* LeftViewController.m in Sources */ = {isa = PBXBuildFile; fileRef = 9BA58DD415FFB49600CF9F29 /* LeftViewController.m */; };
		9BA58DD715FFB49600CF9F29 /* LeftViewController.xib in Resources */ = {isa = PBXBuildFile; fileRef = 9BA58DD515FFB49600CF9F29 /* LeftViewController.xib */; };
		9BA58DE315FFB77900CF9F29 /* IIViewDeckController.m in Sources */ = {isa = PBXBuildFile; fileRef = 9BA58DE015FFB77900CF9F29 /* IIViewDeckController.m */; };
		9BA58DE415FFB77900CF9F29 /* WrapController.m in Sources */ = {isa = PBXBuildFile; fileRef = 9BA58DE215FFB77900CF9F29 /* WrapController.m */; };
		9BA58DE715FFC9C300CF9F29 /* menu.png in Resources */ = {isa = PBXBuildFile; fileRef = 9BA58DE615FFC9C300CF9F29 /* menu.png */; };
		9BA58DEF15FFCC1D00CF9F29 /* SettingsViewController.m in Sources */ = {isa = PBXBuildFile; fileRef = 9BA58DED15FFCC1D00CF9F29 /* SettingsViewController.m */; };
		9BA58DF015FFCC1D00CF9F29 /* SettingsViewController.xib in Resources */ = {isa = PBXBuildFile; fileRef = 9BA58DEE15FFCC1D00CF9F29 /* SettingsViewController.xib */; };
		9BA58DF315FFD11400CF9F29 /* settings.jpg in Resources */ = {isa = PBXBuildFile; fileRef = 9BA58DF215FFD11400CF9F29 /* settings.jpg */; };
		9BA58DF515FFD28500CF9F29 /* settings.png in Resources */ = {isa = PBXBuildFile; fileRef = 9BA58DF415FFD28500CF9F29 /* settings.png */; };
		9BA58DF815FFEF3800CF9F29 /* ApikeyDB.m in Sources */ = {isa = PBXBuildFile; fileRef = 9BA58DF715FFEF3800CF9F29 /* ApikeyDB.m */; };
/* End PBXBuildFile section */

/* Begin PBXFileReference section */
		9B654CBE15FF974100F7E2E3 /* spikes.app */ = {isa = PBXFileReference; explicitFileType = wrapper.application; includeInIndex = 0; path = spikes.app; sourceTree = BUILT_PRODUCTS_DIR; };
		9B654CC215FF974100F7E2E3 /* UIKit.framework */ = {isa = PBXFileReference; lastKnownFileType = wrapper.framework; name = UIKit.framework; path = System/Library/Frameworks/UIKit.framework; sourceTree = SDKROOT; };
		9B654CC415FF974100F7E2E3 /* Foundation.framework */ = {isa = PBXFileReference; lastKnownFileType = wrapper.framework; name = Foundation.framework; path = System/Library/Frameworks/Foundation.framework; sourceTree = SDKROOT; };
		9B654CC615FF974100F7E2E3 /* CoreGraphics.framework */ = {isa = PBXFileReference; lastKnownFileType = wrapper.framework; name = CoreGraphics.framework; path = System/Library/Frameworks/CoreGraphics.framework; sourceTree = SDKROOT; };
		9B654CCA15FF974100F7E2E3 /* spikes-Info.plist */ = {isa = PBXFileReference; lastKnownFileType = text.plist.xml; path = "spikes-Info.plist"; sourceTree = "<group>"; };
		9B654CCC15FF974100F7E2E3 /* en */ = {isa = PBXFileReference; lastKnownFileType = text.plist.strings; name = en; path = en.lproj/InfoPlist.strings; sourceTree = "<group>"; };
		9B654CCE15FF974100F7E2E3 /* main.m */ = {isa = PBXFileReference; lastKnownFileType = sourcecode.c.objc; path = main.m; sourceTree = "<group>"; };
		9B654CD015FF974100F7E2E3 /* spikes-Prefix.pch */ = {isa = PBXFileReference; lastKnownFileType = sourcecode.c.h; path = "spikes-Prefix.pch"; sourceTree = "<group>"; };
		9B654CD115FF974100F7E2E3 /* CBAppDelegate.h */ = {isa = PBXFileReference; lastKnownFileType = sourcecode.c.h; path = CBAppDelegate.h; sourceTree = "<group>"; };
		9B654CD215FF974100F7E2E3 /* CBAppDelegate.m */ = {isa = PBXFileReference; lastKnownFileType = sourcecode.c.objc; path = CBAppDelegate.m; sourceTree = "<group>"; };
		9B654CD415FF974100F7E2E3 /* CBViewController.h */ = {isa = PBXFileReference; lastKnownFileType = sourcecode.c.h; path = CBViewController.h; sourceTree = "<group>"; };
		9B654CD515FF974100F7E2E3 /* CBViewController.m */ = {isa = PBXFileReference; lastKnownFileType = sourcecode.c.objc; path = CBViewController.m; sourceTree = "<group>"; };
		9B654CD815FF974100F7E2E3 /* en */ = {isa = PBXFileReference; lastKnownFileType = file.xib; name = en; path = en.lproj/CBViewController.xib; sourceTree = "<group>"; };
		9BA58DD315FFB49600CF9F29 /* LeftViewController.h */ = {isa = PBXFileReference; fileEncoding = 4; lastKnownFileType = sourcecode.c.h; path = LeftViewController.h; sourceTree = "<group>"; };
		9BA58DD415FFB49600CF9F29 /* LeftViewController.m */ = {isa = PBXFileReference; fileEncoding = 4; lastKnownFileType = sourcecode.c.objc; path = LeftViewController.m; sourceTree = "<group>"; };
		9BA58DD515FFB49600CF9F29 /* LeftViewController.xib */ = {isa = PBXFileReference; fileEncoding = 4; lastKnownFileType = file.xib; path = LeftViewController.xib; sourceTree = "<group>"; };
		9BA58DDF15FFB77900CF9F29 /* IIViewDeckController.h */ = {isa = PBXFileReference; fileEncoding = 4; lastKnownFileType = sourcecode.c.h; path = IIViewDeckController.h; sourceTree = "<group>"; };
		9BA58DE015FFB77900CF9F29 /* IIViewDeckController.m */ = {isa = PBXFileReference; fileEncoding = 4; lastKnownFileType = sourcecode.c.objc; path = IIViewDeckController.m; sourceTree = "<group>"; };
		9BA58DE115FFB77900CF9F29 /* WrapController.h */ = {isa = PBXFileReference; fileEncoding = 4; lastKnownFileType = sourcecode.c.h; path = WrapController.h; sourceTree = "<group>"; };
		9BA58DE215FFB77900CF9F29 /* WrapController.m */ = {isa = PBXFileReference; fileEncoding = 4; lastKnownFileType = sourcecode.c.objc; path = WrapController.m; sourceTree = "<group>"; };
		9BA58DE615FFC9C300CF9F29 /* menu.png */ = {isa = PBXFileReference; lastKnownFileType = image.png; path = menu.png; sourceTree = "<group>"; };
		9BA58DEC15FFCC1D00CF9F29 /* SettingsViewController.h */ = {isa = PBXFileReference; fileEncoding = 4; lastKnownFileType = sourcecode.c.h; path = SettingsViewController.h; sourceTree = "<group>"; };
		9BA58DED15FFCC1D00CF9F29 /* SettingsViewController.m */ = {isa = PBXFileReference; fileEncoding = 4; lastKnownFileType = sourcecode.c.objc; path = SettingsViewController.m; sourceTree = "<group>"; };
		9BA58DEE15FFCC1D00CF9F29 /* SettingsViewController.xib */ = {isa = PBXFileReference; fileEncoding = 4; lastKnownFileType = file.xib; path = SettingsViewController.xib; sourceTree = "<group>"; };
		9BA58DF215FFD11400CF9F29 /* settings.jpg */ = {isa = PBXFileReference; lastKnownFileType = image.jpeg; path = settings.jpg; sourceTree = "<group>"; };
		9BA58DF415FFD28500CF9F29 /* settings.png */ = {isa = PBXFileReference; lastKnownFileType = image.png; path = settings.png; sourceTree = "<group>"; };
		9BA58DF615FFEF3800CF9F29 /* ApikeyDB.h */ = {isa = PBXFileReference; fileEncoding = 4; lastKnownFileType = sourcecode.c.h; path = ApikeyDB.h; sourceTree = "<group>"; };
		9BA58DF715FFEF3800CF9F29 /* ApikeyDB.m */ = {isa = PBXFileReference; fileEncoding = 4; lastKnownFileType = sourcecode.c.objc; path = ApikeyDB.m; sourceTree = "<group>"; };
/* End PBXFileReference section */

/* Begin PBXFrameworksBuildPhase section */
		9B654CBB15FF974100F7E2E3 /* Frameworks */ = {
			isa = PBXFrameworksBuildPhase;
			buildActionMask = 2147483647;
			files = (
				9B654CC315FF974100F7E2E3 /* UIKit.framework in Frameworks */,
				9B654CC515FF974100F7E2E3 /* Foundation.framework in Frameworks */,
				9B654CC715FF974100F7E2E3 /* CoreGraphics.framework in Frameworks */,
			);
			runOnlyForDeploymentPostprocessing = 0;
		};
/* End PBXFrameworksBuildPhase section */

/* Begin PBXGroup section */
		9B654CB315FF974100F7E2E3 = {
			isa = PBXGroup;
			children = (
				9B654CC815FF974100F7E2E3 /* spikes */,
				9B654CC115FF974100F7E2E3 /* Frameworks */,
				9B654CBF15FF974100F7E2E3 /* Products */,
			);
			sourceTree = "<group>";
		};
		9B654CBF15FF974100F7E2E3 /* Products */ = {
			isa = PBXGroup;
			children = (
				9B654CBE15FF974100F7E2E3 /* spikes.app */,
			);
			name = Products;
			sourceTree = "<group>";
		};
		9B654CC115FF974100F7E2E3 /* Frameworks */ = {
			isa = PBXGroup;
			children = (
				9B654CC215FF974100F7E2E3 /* UIKit.framework */,
				9B654CC415FF974100F7E2E3 /* Foundation.framework */,
				9B654CC615FF974100F7E2E3 /* CoreGraphics.framework */,
			);
			name = Frameworks;
			sourceTree = "<group>";
		};
		9B654CC815FF974100F7E2E3 /* spikes */ = {
			isa = PBXGroup;
			children = (
				9BA58DE515FFC9AE00CF9F29 /* static */,
				9B654CD115FF974100F7E2E3 /* CBAppDelegate.h */,
				9B654CD215FF974100F7E2E3 /* CBAppDelegate.m */,
				9BA58DEC15FFCC1D00CF9F29 /* SettingsViewController.h */,
				9BA58DED15FFCC1D00CF9F29 /* SettingsViewController.m */,
				9BA58DEE15FFCC1D00CF9F29 /* SettingsViewController.xib */,
				9BA58DF615FFEF3800CF9F29 /* ApikeyDB.h */,
				9BA58DF715FFEF3800CF9F29 /* ApikeyDB.m */,
				9B654CD415FF974100F7E2E3 /* CBViewController.h */,
				9B654CD515FF974100F7E2E3 /* CBViewController.m */,
				9BA58DDE15FFB77900CF9F29 /* ViewDeck */,
				9B654CD715FF974100F7E2E3 /* CBViewController.xib */,
				9B654CC915FF974100F7E2E3 /* Supporting Files */,
				9BA58DD315FFB49600CF9F29 /* LeftViewController.h */,
				9BA58DD415FFB49600CF9F29 /* LeftViewController.m */,
				9BA58DD515FFB49600CF9F29 /* LeftViewController.xib */,
			);
			path = spikes;
			sourceTree = "<group>";
		};
		9B654CC915FF974100F7E2E3 /* Supporting Files */ = {
			isa = PBXGroup;
			children = (
				9B654CCA15FF974100F7E2E3 /* spikes-Info.plist */,
				9B654CCB15FF974100F7E2E3 /* InfoPlist.strings */,
				9B654CCE15FF974100F7E2E3 /* main.m */,
				9B654CD015FF974100F7E2E3 /* spikes-Prefix.pch */,
			);
			name = "Supporting Files";
			sourceTree = "<group>";
		};
		9BA58DDE15FFB77900CF9F29 /* ViewDeck */ = {
			isa = PBXGroup;
			children = (
				9BA58DDF15FFB77900CF9F29 /* IIViewDeckController.h */,
				9BA58DE015FFB77900CF9F29 /* IIViewDeckController.m */,
				9BA58DE115FFB77900CF9F29 /* WrapController.h */,
				9BA58DE215FFB77900CF9F29 /* WrapController.m */,
			);
			path = ViewDeck;
			sourceTree = "<group>";
		};
		9BA58DE515FFC9AE00CF9F29 /* static */ = {
			isa = PBXGroup;
			children = (
				9BA58DF415FFD28500CF9F29 /* settings.png */,
				9BA58DF215FFD11400CF9F29 /* settings.jpg */,
				9BA58DE615FFC9C300CF9F29 /* menu.png */,
			);
			name = static;
			sourceTree = "<group>";
		};
/* End PBXGroup section */

/* Begin PBXNativeTarget section */
		9B654CBD15FF974100F7E2E3 /* spikes */ = {
			isa = PBXNativeTarget;
			buildConfigurationList = 9B654CDF15FF974100F7E2E3 /* Build configuration list for PBXNativeTarget "spikes" */;
			buildPhases = (
				9B654CBA15FF974100F7E2E3 /* Sources */,
				9B654CBB15FF974100F7E2E3 /* Frameworks */,
				9B654CBC15FF974100F7E2E3 /* Resources */,
			);
			buildRules = (
			);
			dependencies = (
			);
			name = spikes;
			productName = spikes;
			productReference = 9B654CBE15FF974100F7E2E3 /* spikes.app */;
			productType = "com.apple.product-type.application";
		};
/* End PBXNativeTarget section */

/* Begin PBXProject section */
		9B654CB515FF974100F7E2E3 /* Project object */ = {
			isa = PBXProject;
			attributes = {
				CLASSPREFIX = CB;
				LastUpgradeCheck = 0440;
				ORGANIZATIONNAME = chartbeat;
			};
			buildConfigurationList = 9B654CB815FF974100F7E2E3 /* Build configuration list for PBXProject "spikes" */;
			compatibilityVersion = "Xcode 3.2";
			developmentRegion = English;
			hasScannedForEncodings = 0;
			knownRegions = (
				en,
			);
			mainGroup = 9B654CB315FF974100F7E2E3;
			productRefGroup = 9B654CBF15FF974100F7E2E3 /* Products */;
			projectDirPath = "";
			projectRoot = "";
			targets = (
				9B654CBD15FF974100F7E2E3 /* spikes */,
			);
		};
/* End PBXProject section */

/* Begin PBXResourcesBuildPhase section */
		9B654CBC15FF974100F7E2E3 /* Resources */ = {
			isa = PBXResourcesBuildPhase;
			buildActionMask = 2147483647;
			files = (
				9B654CCD15FF974100F7E2E3 /* InfoPlist.strings in Resources */,
				9B654CD915FF974100F7E2E3 /* CBViewController.xib in Resources */,
				9BA58DD715FFB49600CF9F29 /* LeftViewController.xib in Resources */,
				9BA58DE715FFC9C300CF9F29 /* menu.png in Resources */,
				9BA58DF015FFCC1D00CF9F29 /* SettingsViewController.xib in Resources */,
				9BA58DF315FFD11400CF9F29 /* settings.jpg in Resources */,
				9BA58DF515FFD28500CF9F29 /* settings.png in Resources */,
			);
			runOnlyForDeploymentPostprocessing = 0;
		};
/* End PBXResourcesBuildPhase section */

/* Begin PBXSourcesBuildPhase section */
		9B654CBA15FF974100F7E2E3 /* Sources */ = {
			isa = PBXSourcesBuildPhase;
			buildActionMask = 2147483647;
			files = (
				9B654CCF15FF974100F7E2E3 /* main.m in Sources */,
				9B654CD315FF974100F7E2E3 /* CBAppDelegate.m in Sources */,
				9B654CD615FF974100F7E2E3 /* CBViewController.m in Sources */,
				9BA58DD615FFB49600CF9F29 /* LeftViewController.m in Sources */,
				9BA58DE315FFB77900CF9F29 /* IIViewDeckController.m in Sources */,
				9BA58DE415FFB77900CF9F29 /* WrapController.m in Sources */,
				9BA58DEF15FFCC1D00CF9F29 /* SettingsViewController.m in Sources */,
				9BA58DF815FFEF3800CF9F29 /* ApikeyDB.m in Sources */,
			);
			runOnlyForDeploymentPostprocessing = 0;
		};
/* End PBXSourcesBuildPhase section */

/* Begin PBXVariantGroup section */
		9B654CCB15FF974100F7E2E3 /* InfoPlist.strings */ = {
			isa = PBXVariantGroup;
			children = (
				9B654CCC15FF974100F7E2E3 /* en */,
			);
			name = InfoPlist.strings;
			sourceTree = "<group>";
		};
		9B654CD715FF974100F7E2E3 /* CBViewController.xib */ = {
			isa = PBXVariantGroup;
			children = (
				9B654CD815FF974100F7E2E3 /* en */,
			);
			name = CBViewController.xib;
			sourceTree = "<group>";
		};
/* End PBXVariantGroup section */

/* Begin XCBuildConfiguration section */
		9B654CDD15FF974100F7E2E3 /* Debug */ = {
			isa = XCBuildConfiguration;
			buildSettings = {
				ALWAYS_SEARCH_USER_PATHS = NO;
				ARCHS = "$(ARCHS_STANDARD_32_BIT)";
				CLANG_CXX_LANGUAGE_STANDARD = "gnu++0x";
				CLANG_ENABLE_OBJC_ARC = YES;
				CLANG_WARN__DUPLICATE_METHOD_MATCH = YES;
				"CODE_SIGN_IDENTITY[sdk=iphoneos*]" = "iPhone Developer";
				COPY_PHASE_STRIP = NO;
				GCC_C_LANGUAGE_STANDARD = gnu99;
				GCC_DYNAMIC_NO_PIC = NO;
				GCC_OPTIMIZATION_LEVEL = 0;
				GCC_PREPROCESSOR_DEFINITIONS = (
					"DEBUG=1",
					"$(inherited)",
				);
				GCC_SYMBOLS_PRIVATE_EXTERN = NO;
				GCC_VERSION = com.apple.compilers.llvm.clang.1_0;
				GCC_WARN_ABOUT_RETURN_TYPE = YES;
				GCC_WARN_UNINITIALIZED_AUTOS = YES;
				GCC_WARN_UNUSED_VARIABLE = YES;
				IPHONEOS_DEPLOYMENT_TARGET = 5.1;
				SDKROOT = iphoneos;
				TARGETED_DEVICE_FAMILY = "1,2";
			};
			name = Debug;
		};
		9B654CDE15FF974100F7E2E3 /* Release */ = {
			isa = XCBuildConfiguration;
			buildSettings = {
				ALWAYS_SEARCH_USER_PATHS = NO;
				ARCHS = "$(ARCHS_STANDARD_32_BIT)";
				CLANG_CXX_LANGUAGE_STANDARD = "gnu++0x";
				CLANG_ENABLE_OBJC_ARC = YES;
				CLANG_WARN__DUPLICATE_METHOD_MATCH = YES;
				"CODE_SIGN_IDENTITY[sdk=iphoneos*]" = "iPhone Developer";
				COPY_PHASE_STRIP = YES;
				GCC_C_LANGUAGE_STANDARD = gnu99;
				GCC_VERSION = com.apple.compilers.llvm.clang.1_0;
				GCC_WARN_ABOUT_RETURN_TYPE = YES;
				GCC_WARN_UNINITIALIZED_AUTOS = YES;
				GCC_WARN_UNUSED_VARIABLE = YES;
				IPHONEOS_DEPLOYMENT_TARGET = 5.1;
				OTHER_CFLAGS = "-DNS_BLOCK_ASSERTIONS=1";
				SDKROOT = iphoneos;
				TARGETED_DEVICE_FAMILY = "1,2";
				VALIDATE_PRODUCT = YES;
			};
			name = Release;
		};
		9B654CE015FF974100F7E2E3 /* Debug */ = {
			isa = XCBuildConfiguration;
			buildSettings = {
				GCC_PRECOMPILE_PREFIX_HEADER = YES;
				GCC_PREFIX_HEADER = "spikes/spikes-Prefix.pch";
				INFOPLIST_FILE = "spikes/spikes-Info.plist";
				PRODUCT_NAME = "$(TARGET_NAME)";
				WRAPPER_EXTENSION = app;
			};
			name = Debug;
		};
		9B654CE115FF974100F7E2E3 /* Release */ = {
			isa = XCBuildConfiguration;
			buildSettings = {
				GCC_PRECOMPILE_PREFIX_HEADER = YES;
				GCC_PREFIX_HEADER = "spikes/spikes-Prefix.pch";
				INFOPLIST_FILE = "spikes/spikes-Info.plist";
				PRODUCT_NAME = "$(TARGET_NAME)";
				WRAPPER_EXTENSION = app;
			};
			name = Release;
		};
/* End XCBuildConfiguration section */

/* Begin XCConfigurationList section */
		9B654CB815FF974100F7E2E3 /* Build configuration list for PBXProject "spikes" */ = {
			isa = XCConfigurationList;
			buildConfigurations = (
				9B654CDD15FF974100F7E2E3 /* Debug */,
				9B654CDE15FF974100F7E2E3 /* Release */,
			);
			defaultConfigurationIsVisible = 0;
			defaultConfigurationName = Release;
		};
		9B654CDF15FF974100F7E2E3 /* Build configuration list for PBXNativeTarget "spikes" */ = {
			isa = XCConfigurationList;
			buildConfigurations = (
				9B654CE015FF974100F7E2E3 /* Debug */,
				9B654CE115FF974100F7E2E3 /* Release */,
			);
			defaultConfigurationIsVisible = 0;
			defaultConfigurationName = Release;
		};
/* End XCConfigurationList section */
	};
	rootObject = 9B654CB515FF974100F7E2E3 /* Project object */;
}
